
Microsoft Visual Studio Solution File, Format Version 12.00
# Visual Studio 14
VisualStudioVersion = 14.0.25420.1
MinimumVisualStudioVersion = 10.0.40219.1
Project("{FAE04EC0-301F-11D3-BF4B-00C04F79EFBC}") = "QuagliaEsercizio24102016", "QuagliaEsercizio24102016\QuagliaEsercizio24102016.csproj", "{D800A850-AD6C-4118-849C-E404F4620320}"
EndProject
Global
	GlobalSection(SolutionConfigurationPlatforms) = preSolution
		Debug|Any CPU = Debug|Any CPU
		Release|Any CPU = Release|Any CPU
	EndGlobalSection
	GlobalSection(ProjectConfigurationPlatforms) = postSolution
		{D800A850-AD6C-4118-849C-E404F4620320}.Debug|Any CPU.ActiveCfg = Debug|Any CPU
		{D800A850-AD6C-4118-849C-E404F4620320}.Debug|Any CPU.Build.0 = Debug|Any CPU
		{D800A850-AD6C-4118-849C-E404F4620320}.Release|Any CPU.ActiveCfg = Release|Any CPU
		{D800A850-AD6C-4118-849C-E404F4620320}.Release|Any CPU.Build.0 = Release|Any CPU
	EndGlobalSection
	GlobalSection(SolutionProperties) = preSolution
		HideSolutionNode = FALSE
	EndGlobalSection
EndGlobal
